
Microsoft Visual Studio Solution File, Format Version 12.00
# Visual Studio 2012
Project("{FAE04EC0-301F-11D3-BF4B-00C04F79EFBC}") = "HallOfBeorn", "HallOfBeorn\HallOfBeorn.csproj", "{2AB13CDF-0847-47FA-908C-CA0E7CBAA9CF}"
EndProject
Global
	GlobalSection(SolutionConfigurationPlatforms) = preSolution
		Debug|Any CPU = Debug|Any CPU
		Release|Any CPU = Release|Any CPU
	EndGlobalSection
	GlobalSection(ProjectConfigurationPlatforms) = postSolution
		{2AB13CDF-0847-47FA-908C-CA0E7CBAA9CF}.Debug|Any CPU.ActiveCfg = Debug|Any CPU
		{2AB13CDF-0847-47FA-908C-CA0E7CBAA9CF}.Debug|Any CPU.Build.0 = Debug|Any CPU
		{2AB13CDF-0847-47FA-908C-CA0E7CBAA9CF}.Release|Any CPU.ActiveCfg = Release|Any CPU
		{2AB13CDF-0847-47FA-908C-CA0E7CBAA9CF}.Release|Any CPU.Build.0 = Release|Any CPU
	EndGlobalSection
	GlobalSection(SolutionProperties) = preSolution
		HideSolutionNode = FALSE
	EndGlobalSection
EndGlobal
