
Microsoft Visual Studio Solution File, Format Version 12.00
# Visual Studio 2012
Project("{FAE04EC0-301F-11D3-BF4B-00C04F79EFBC}") = "HallOfBeorn", "HallOfBeorn\HallOfBeorn.csproj", "{2AB13CDF-0847-47FA-908C-CA0E7CBAA9CF}"
EndProject
Project("{FAE04EC0-301F-11D3-BF4B-00C04F79EFBC}") = "TemplateBuilder", "TemplateBuilder\TemplateBuilder.csproj", "{D5FEB5CD-754B-4E6C-A4C1-28A95890C30E}"
EndProject
Project("{FAE04EC0-301F-11D3-BF4B-00C04F79EFBC}") = "ScenarioBuilder", "ScenarioBuilder\ScenarioBuilder.csproj", "{D8D3970A-F1A0-442E-A25D-FB62DE31C8F9}"
EndProject
Project("{FAE04EC0-301F-11D3-BF4B-00C04F79EFBC}") = "RingsDbBuilder", "RingsDbBuilder\RingsDbBuilder.csproj", "{130AF8E3-69ED-450B-89E1-C54818132DAD}"
EndProject
Project("{FAE04EC0-301F-11D3-BF4B-00C04F79EFBC}") = "OctgnBuilder", "OctgnBuilder\OctgnBuilder.csproj", "{6FC8270E-0ED5-438F-A52A-3A3B562A00F3}"
EndProject
Project("{FAE04EC0-301F-11D3-BF4B-00C04F79EFBC}") = "SetBuilder", "SetBuilder\SetBuilder.csproj", "{6A20157E-8AC7-4722-BC09-FE0BBF9F6EB8}"
EndProject
Project("{FAE04EC0-301F-11D3-BF4B-00C04F79EFBC}") = "RssReader", "RssReader\RssReader.csproj", "{74961FA1-F05C-41D3-8B8F-389F14EB733A}"
EndProject
Project("{FAE04EC0-301F-11D3-BF4B-00C04F79EFBC}") = "Palantir", "Palantir\Palantir.csproj", "{BBFBD391-1C36-46A4-BF6B-DB443BE6AF5E}"
EndProject
Project("{FAE04EC0-301F-11D3-BF4B-00C04F79EFBC}") = "HallOfBeorn.Client", "HallOfBeorn.Client\HallOfBeorn.Client.csproj", "{FE409FC2-9CFA-4C51-BEAF-0FAE81D2FD0E}"
EndProject
Project("{FAE04EC0-301F-11D3-BF4B-00C04F79EFBC}") = "HallOfBeorn.Play", "HallOfBeorn.Play\HallOfBeorn.Play.csproj", "{8884A438-2EC4-49E8-BC2F-F105BFAF1B71}"
EndProject
Project("{FAE04EC0-301F-11D3-BF4B-00C04F79EFBC}") = "CardGameDbBuilder", "CardGameDbBuilder\CardGameDbBuilder.csproj", "{3D7D3559-DD3C-486F-A726-8E641B201020}"
EndProject
Global
	GlobalSection(SolutionConfigurationPlatforms) = preSolution
		Debug|Any CPU = Debug|Any CPU
		Release|Any CPU = Release|Any CPU
	EndGlobalSection
	GlobalSection(ProjectConfigurationPlatforms) = postSolution
		{2AB13CDF-0847-47FA-908C-CA0E7CBAA9CF}.Debug|Any CPU.ActiveCfg = Debug|Any CPU
		{2AB13CDF-0847-47FA-908C-CA0E7CBAA9CF}.Debug|Any CPU.Build.0 = Debug|Any CPU
		{2AB13CDF-0847-47FA-908C-CA0E7CBAA9CF}.Release|Any CPU.ActiveCfg = Release|Any CPU
		{2AB13CDF-0847-47FA-908C-CA0E7CBAA9CF}.Release|Any CPU.Build.0 = Release|Any CPU
		{D5FEB5CD-754B-4E6C-A4C1-28A95890C30E}.Debug|Any CPU.ActiveCfg = Debug|Any CPU
		{D5FEB5CD-754B-4E6C-A4C1-28A95890C30E}.Debug|Any CPU.Build.0 = Debug|Any CPU
		{D5FEB5CD-754B-4E6C-A4C1-28A95890C30E}.Release|Any CPU.ActiveCfg = Release|Any CPU
		{D5FEB5CD-754B-4E6C-A4C1-28A95890C30E}.Release|Any CPU.Build.0 = Release|Any CPU
		{D8D3970A-F1A0-442E-A25D-FB62DE31C8F9}.Debug|Any CPU.ActiveCfg = Debug|Any CPU
		{D8D3970A-F1A0-442E-A25D-FB62DE31C8F9}.Debug|Any CPU.Build.0 = Debug|Any CPU
		{D8D3970A-F1A0-442E-A25D-FB62DE31C8F9}.Release|Any CPU.ActiveCfg = Release|Any CPU
		{D8D3970A-F1A0-442E-A25D-FB62DE31C8F9}.Release|Any CPU.Build.0 = Release|Any CPU
		{130AF8E3-69ED-450B-89E1-C54818132DAD}.Debug|Any CPU.ActiveCfg = Debug|Any CPU
		{130AF8E3-69ED-450B-89E1-C54818132DAD}.Debug|Any CPU.Build.0 = Debug|Any CPU
		{130AF8E3-69ED-450B-89E1-C54818132DAD}.Release|Any CPU.ActiveCfg = Release|Any CPU
		{130AF8E3-69ED-450B-89E1-C54818132DAD}.Release|Any CPU.Build.0 = Release|Any CPU
		{6FC8270E-0ED5-438F-A52A-3A3B562A00F3}.Debug|Any CPU.ActiveCfg = Debug|Any CPU
		{6FC8270E-0ED5-438F-A52A-3A3B562A00F3}.Debug|Any CPU.Build.0 = Debug|Any CPU
		{6FC8270E-0ED5-438F-A52A-3A3B562A00F3}.Release|Any CPU.ActiveCfg = Release|Any CPU
		{6FC8270E-0ED5-438F-A52A-3A3B562A00F3}.Release|Any CPU.Build.0 = Release|Any CPU
		{6A20157E-8AC7-4722-BC09-FE0BBF9F6EB8}.Debug|Any CPU.ActiveCfg = Debug|Any CPU
		{6A20157E-8AC7-4722-BC09-FE0BBF9F6EB8}.Debug|Any CPU.Build.0 = Debug|Any CPU
		{6A20157E-8AC7-4722-BC09-FE0BBF9F6EB8}.Release|Any CPU.ActiveCfg = Release|Any CPU
		{6A20157E-8AC7-4722-BC09-FE0BBF9F6EB8}.Release|Any CPU.Build.0 = Release|Any CPU
		{74961FA1-F05C-41D3-8B8F-389F14EB733A}.Debug|Any CPU.ActiveCfg = Debug|Any CPU
		{74961FA1-F05C-41D3-8B8F-389F14EB733A}.Debug|Any CPU.Build.0 = Debug|Any CPU
		{74961FA1-F05C-41D3-8B8F-389F14EB733A}.Release|Any CPU.ActiveCfg = Release|Any CPU
		{74961FA1-F05C-41D3-8B8F-389F14EB733A}.Release|Any CPU.Build.0 = Release|Any CPU
		{BBFBD391-1C36-46A4-BF6B-DB443BE6AF5E}.Debug|Any CPU.ActiveCfg = Debug|Any CPU
		{BBFBD391-1C36-46A4-BF6B-DB443BE6AF5E}.Debug|Any CPU.Build.0 = Debug|Any CPU
		{BBFBD391-1C36-46A4-BF6B-DB443BE6AF5E}.Release|Any CPU.ActiveCfg = Release|Any CPU
		{BBFBD391-1C36-46A4-BF6B-DB443BE6AF5E}.Release|Any CPU.Build.0 = Release|Any CPU
		{FE409FC2-9CFA-4C51-BEAF-0FAE81D2FD0E}.Debug|Any CPU.ActiveCfg = Debug|Any CPU
		{FE409FC2-9CFA-4C51-BEAF-0FAE81D2FD0E}.Debug|Any CPU.Build.0 = Debug|Any CPU
		{FE409FC2-9CFA-4C51-BEAF-0FAE81D2FD0E}.Release|Any CPU.ActiveCfg = Release|Any CPU
		{FE409FC2-9CFA-4C51-BEAF-0FAE81D2FD0E}.Release|Any CPU.Build.0 = Release|Any CPU
		{8884A438-2EC4-49E8-BC2F-F105BFAF1B71}.Debug|Any CPU.ActiveCfg = Debug|Any CPU
		{8884A438-2EC4-49E8-BC2F-F105BFAF1B71}.Debug|Any CPU.Build.0 = Debug|Any CPU
		{8884A438-2EC4-49E8-BC2F-F105BFAF1B71}.Release|Any CPU.ActiveCfg = Release|Any CPU
		{8884A438-2EC4-49E8-BC2F-F105BFAF1B71}.Release|Any CPU.Build.0 = Release|Any CPU
		{3D7D3559-DD3C-486F-A726-8E641B201020}.Debug|Any CPU.ActiveCfg = Debug|Any CPU
		{3D7D3559-DD3C-486F-A726-8E641B201020}.Debug|Any CPU.Build.0 = Debug|Any CPU
		{3D7D3559-DD3C-486F-A726-8E641B201020}.Release|Any CPU.ActiveCfg = Release|Any CPU
		{3D7D3559-DD3C-486F-A726-8E641B201020}.Release|Any CPU.Build.0 = Release|Any CPU
	EndGlobalSection
	GlobalSection(SolutionProperties) = preSolution
		HideSolutionNode = FALSE
	EndGlobalSection
EndGlobal
